// !$*UTF8*$!
{
	archiveVersion = 1;
	classes = {
	};
	objectVersion = 56;
	objects = {

/* Begin PBXBuildFile section */
		F03677F42C608F35002C4081 /* CalendarModel.swift in Sources */ = {isa = PBXBuildFile; fileRef = F03677F32C608F35002C4081 /* CalendarModel.swift */; };
		F0656E372C60EEC3001DDCCE /* DayCollectionViewCell.xib in Resources */ = {isa = PBXBuildFile; fileRef = F0656E362C60EEC3001DDCCE /* DayCollectionViewCell.xib */; };
		F0656E382C60EEC3001DDCCE /* DayCollectionViewCell.swift in Sources */ = {isa = PBXBuildFile; fileRef = F0656E352C60EEC3001DDCCE /* DayCollectionViewCell.swift */; };
		F0E7A8D32C5EA01600D0607D /* AppDelegate.swift in Sources */ = {isa = PBXBuildFile; fileRef = F0E7A8D22C5EA01600D0607D /* AppDelegate.swift */; };
		F0E7A8D52C5EA01600D0607D /* SceneDelegate.swift in Sources */ = {isa = PBXBuildFile; fileRef = F0E7A8D42C5EA01600D0607D /* SceneDelegate.swift */; };
		F0E7A8D72C5EA01600D0607D /* ViewController.swift in Sources */ = {isa = PBXBuildFile; fileRef = F0E7A8D62C5EA01600D0607D /* ViewController.swift */; };
		F0E7A8DA2C5EA01600D0607D /* Base in Resources */ = {isa = PBXBuildFile; fileRef = F0E7A8D92C5EA01600D0607D /* Base */; };
		F0E7A8DC2C5EA01900D0607D /* Assets.xcassets in Resources */ = {isa = PBXBuildFile; fileRef = F0E7A8DB2C5EA01900D0607D /* Assets.xcassets */; };
		F0E7A8DF2C5EA01900D0607D /* Base in Resources */ = {isa = PBXBuildFile; fileRef = F0E7A8DE2C5EA01900D0607D /* Base */; };
/* End PBXBuildFile section */

/* Begin PBXFileReference section */
		F03677F32C608F35002C4081 /* CalendarModel.swift */ = {isa = PBXFileReference; lastKnownFileType = sourcecode.swift; path = CalendarModel.swift; sourceTree = "<group>"; };
		F0656E352C60EEC3001DDCCE /* DayCollectionViewCell.swift */ = {isa = PBXFileReference; lastKnownFileType = sourcecode.swift; name = DayCollectionViewCell.swift; path = calendar/View/DayCollectionViewCell.swift; sourceTree = SOURCE_ROOT; };
		F0656E362C60EEC3001DDCCE /* DayCollectionViewCell.xib */ = {isa = PBXFileReference; lastKnownFileType = file.xib; name = DayCollectionViewCell.xib; path = calendar/Controller/DayCollectionViewCell.xib; sourceTree = SOURCE_ROOT; };
		F0E7A8CF2C5EA01600D0607D /* calendar.app */ = {isa = PBXFileReference; explicitFileType = wrapper.application; includeInIndex = 0; path = calendar.app; sourceTree = BUILT_PRODUCTS_DIR; };
		F0E7A8D22C5EA01600D0607D /* AppDelegate.swift */ = {isa = PBXFileReference; lastKnownFileType = sourcecode.swift; path = AppDelegate.swift; sourceTree = "<group>"; };
		F0E7A8D42C5EA01600D0607D /* SceneDelegate.swift */ = {isa = PBXFileReference; lastKnownFileType = sourcecode.swift; path = SceneDelegate.swift; sourceTree = "<group>"; };
		F0E7A8D62C5EA01600D0607D /* ViewController.swift */ = {isa = PBXFileReference; lastKnownFileType = sourcecode.swift; path = ViewController.swift; sourceTree = "<group>"; };
		F0E7A8D92C5EA01600D0607D /* Base */ = {isa = PBXFileReference; lastKnownFileType = file.storyboard; name = Base; path = Base.lproj/Main.storyboard; sourceTree = "<group>"; };
		F0E7A8DB2C5EA01900D0607D /* Assets.xcassets */ = {isa = PBXFileReference; lastKnownFileType = folder.assetcatalog; path = Assets.xcassets; sourceTree = "<group>"; };
		F0E7A8DE2C5EA01900D0607D /* Base */ = {isa = PBXFileReference; lastKnownFileType = file.storyboard; name = Base; path = Base.lproj/LaunchScreen.storyboard; sourceTree = "<group>"; };
		F0E7A8E02C5EA01900D0607D /* Info.plist */ = {isa = PBXFileReference; lastKnownFileType = text.plist.xml; path = Info.plist; sourceTree = "<group>"; };
/* End PBXFileReference section */

/* Begin PBXFrameworksBuildPhase section */
		F0E7A8CC2C5EA01600D0607D /* Frameworks */ = {
			isa = PBXFrameworksBuildPhase;
			buildActionMask = 2147483647;
			files = (
			);
			runOnlyForDeploymentPostprocessing = 0;
		};
/* End PBXFrameworksBuildPhase section */

/* Begin PBXGroup section */
		F0E7A8C62C5EA01600D0607D = {
			isa = PBXGroup;
			children = (
				F0E7A8D12C5EA01600D0607D /* calendar */,
				F0E7A8D02C5EA01600D0607D /* Products */,
			);
			sourceTree = "<group>";
		};
		F0E7A8D02C5EA01600D0607D /* Products */ = {
			isa = PBXGroup;
			children = (
				F0E7A8CF2C5EA01600D0607D /* calendar.app */,
			);
			name = Products;
			sourceTree = "<group>";
		};
		F0E7A8D12C5EA01600D0607D /* calendar */ = {
			isa = PBXGroup;
			children = (
				F0E7A8D22C5EA01600D0607D /* AppDelegate.swift */,
				F0E7A8D42C5EA01600D0607D /* SceneDelegate.swift */,
				F0F56B022C60A860006B9E63 /* View */,
				F0F56AFC2C60A674006B9E63 /* Model */,
				F0F56B012C60A841006B9E63 /* Controller */,
				F0E7A8DB2C5EA01900D0607D /* Assets.xcassets */,
				F0E7A8DD2C5EA01900D0607D /* LaunchScreen.storyboard */,
				F0E7A8E02C5EA01900D0607D /* Info.plist */,
			);
			path = calendar;
			sourceTree = "<group>";
		};
		F0F56AFC2C60A674006B9E63 /* Model */ = {
			isa = PBXGroup;
			children = (
				F03677F32C608F35002C4081 /* CalendarModel.swift */,
			);
			path = Model;
			sourceTree = "<group>";
		};
		F0F56B012C60A841006B9E63 /* Controller */ = {
			isa = PBXGroup;
			children = (
				F0656E362C60EEC3001DDCCE /* DayCollectionViewCell.xib */,
				F0E7A8D82C5EA01600D0607D /* Main.storyboard */,
			);
			path = Controller;
			sourceTree = "<group>";
		};
		F0F56B022C60A860006B9E63 /* View */ = {
			isa = PBXGroup;
			children = (
				F0656E352C60EEC3001DDCCE /* DayCollectionViewCell.swift */,
				F0E7A8D62C5EA01600D0607D /* ViewController.swift */,
			);
			path = View;
			sourceTree = "<group>";
		};
/* End PBXGroup section */

/* Begin PBXNativeTarget section */
		F0E7A8CE2C5EA01600D0607D /* calendar */ = {
			isa = PBXNativeTarget;
			buildConfigurationList = F0E7A8E32C5EA01900D0607D /* Build configuration list for PBXNativeTarget "calendar" */;
			buildPhases = (
				F0E7A8CB2C5EA01600D0607D /* Sources */,
				F0E7A8CC2C5EA01600D0607D /* Frameworks */,
				F0E7A8CD2C5EA01600D0607D /* Resources */,
			);
			buildRules = (
			);
			dependencies = (
			);
			name = calendar;
			productName = calendar;
			productReference = F0E7A8CF2C5EA01600D0607D /* calendar.app */;
			productType = "com.apple.product-type.application";
		};
/* End PBXNativeTarget section */

/* Begin PBXProject section */
		F0E7A8C72C5EA01600D0607D /* Project object */ = {
			isa = PBXProject;
			attributes = {
				BuildIndependentTargetsInParallel = 1;
				LastSwiftUpdateCheck = 1540;
				LastUpgradeCheck = 1540;
				TargetAttributes = {
					F0E7A8CE2C5EA01600D0607D = {
						CreatedOnToolsVersion = 15.4;
					};
				};
			};
			buildConfigurationList = F0E7A8CA2C5EA01600D0607D /* Build configuration list for PBXProject "calendar" */;
			compatibilityVersion = "Xcode 14.0";
			developmentRegion = en;
			hasScannedForEncodings = 0;
			knownRegions = (
				en,
				Base,
			);
			mainGroup = F0E7A8C62C5EA01600D0607D;
			productRefGroup = F0E7A8D02C5EA01600D0607D /* Products */;
			projectDirPath = "";
			projectRoot = "";
			targets = (
				F0E7A8CE2C5EA01600D0607D /* calendar */,
			);
		};
/* End PBXProject section */

/* Begin PBXResourcesBuildPhase section */
		F0E7A8CD2C5EA01600D0607D /* Resources */ = {
			isa = PBXResourcesBuildPhase;
			buildActionMask = 2147483647;
			files = (
				F0E7A8DC2C5EA01900D0607D /* Assets.xcassets in Resources */,
				F0E7A8DF2C5EA01900D0607D /* Base in Resources */,
				F0E7A8DA2C5EA01600D0607D /* Base in Resources */,
				F0656E372C60EEC3001DDCCE /* DayCollectionViewCell.xib in Resources */,
			);
			runOnlyForDeploymentPostprocessing = 0;
		};
/* End PBXResourcesBuildPhase section */

/* Begin PBXSourcesBuildPhase section */
		F0E7A8CB2C5EA01600D0607D /* Sources */ = {
			isa = PBXSourcesBuildPhase;
			buildActionMask = 2147483647;
			files = (
				F0E7A8D72C5EA01600D0607D /* ViewController.swift in Sources */,
				F0E7A8D32C5EA01600D0607D /* AppDelegate.swift in Sources */,
				F0E7A8D52C5EA01600D0607D /* SceneDelegate.swift in Sources */,
				F0656E382C60EEC3001DDCCE /* DayCollectionViewCell.swift in Sources */,
				F03677F42C608F35002C4081 /* CalendarModel.swift in Sources */,
			);
			runOnlyForDeploymentPostprocessing = 0;
		};
/* End PBXSourcesBuildPhase section */

/* Begin PBXVariantGroup section */
		F0E7A8D82C5EA01600D0607D /* Main.storyboard */ = {
			isa = PBXVariantGroup;
			children = (
				F0E7A8D92C5EA01600D0607D /* Base */,
			);
			name = Main.storyboard;
			sourceTree = "<group>";
		};
		F0E7A8DD2C5EA01900D0607D /* LaunchScreen.storyboard */ = {
			isa = PBXVariantGroup;
			children = (
				F0E7A8DE2C5EA01900D0607D /* Base */,
			);
			name = LaunchScreen.storyboard;
			sourceTree = "<group>";
		};
/* End PBXVariantGroup section */

/* Begin XCBuildConfiguration section */
		F0E7A8E12C5EA01900D0607D /* Debug */ = {
			isa = XCBuildConfiguration;
			buildSettings = {
				ALWAYS_SEARCH_USER_PATHS = NO;
				ASSETCATALOG_COMPILER_GENERATE_SWIFT_ASSET_SYMBOL_EXTENSIONS = YES;
				CLANG_ANALYZER_NONNULL = YES;
				CLANG_ANALYZER_NUMBER_OBJECT_CONVERSION = YES_AGGRESSIVE;
				CLANG_CXX_LANGUAGE_STANDARD = "gnu++20";
				CLANG_ENABLE_MODULES = YES;
				CLANG_ENABLE_OBJC_ARC = YES;
				CLANG_ENABLE_OBJC_WEAK = YES;
				CLANG_WARN_BLOCK_CAPTURE_AUTORELEASING = YES;
				CLANG_WARN_BOOL_CONVERSION = YES;
				CLANG_WARN_COMMA = YES;
				CLANG_WARN_CONSTANT_CONVERSION = YES;
				CLANG_WARN_DEPRECATED_OBJC_IMPLEMENTATIONS = YES;
				CLANG_WARN_DIRECT_OBJC_ISA_USAGE = YES_ERROR;
				CLANG_WARN_DOCUMENTATION_COMMENTS = YES;
				CLANG_WARN_EMPTY_BODY = YES;
				CLANG_WARN_ENUM_CONVERSION = YES;
				CLANG_WARN_INFINITE_RECURSION = YES;
				CLANG_WARN_INT_CONVERSION = YES;
				CLANG_WARN_NON_LITERAL_NULL_CONVERSION = YES;
				CLANG_WARN_OBJC_IMPLICIT_RETAIN_SELF = YES;
				CLANG_WARN_OBJC_LITERAL_CONVERSION = YES;
				CLANG_WARN_OBJC_ROOT_CLASS = YES_ERROR;
				CLANG_WARN_QUOTED_INCLUDE_IN_FRAMEWORK_HEADER = YES;
				CLANG_WARN_RANGE_LOOP_ANALYSIS = YES;
				CLANG_WARN_STRICT_PROTOTYPES = YES;
				CLANG_WARN_SUSPICIOUS_MOVE = YES;
				CLANG_WARN_UNGUARDED_AVAILABILITY = YES_AGGRESSIVE;
				CLANG_WARN_UNREACHABLE_CODE = YES;
				CLANG_WARN__DUPLICATE_METHOD_MATCH = YES;
				COPY_PHASE_STRIP = NO;
				DEBUG_INFORMATION_FORMAT = dwarf;
				ENABLE_STRICT_OBJC_MSGSEND = YES;
				ENABLE_TESTABILITY = YES;
				ENABLE_USER_SCRIPT_SANDBOXING = YES;
				GCC_C_LANGUAGE_STANDARD = gnu17;
				GCC_DYNAMIC_NO_PIC = NO;
				GCC_NO_COMMON_BLOCKS = YES;
				GCC_OPTIMIZATION_LEVEL = 0;
				GCC_PREPROCESSOR_DEFINITIONS = (
					"DEBUG=1",
					"$(inherited)",
				);
				GCC_WARN_64_TO_32_BIT_CONVERSION = YES;
				GCC_WARN_ABOUT_RETURN_TYPE = YES_ERROR;
				GCC_WARN_UNDECLARED_SELECTOR = YES;
				GCC_WARN_UNINITIALIZED_AUTOS = YES_AGGRESSIVE;
				GCC_WARN_UNUSED_FUNCTION = YES;
				GCC_WARN_UNUSED_VARIABLE = YES;
				IPHONEOS_DEPLOYMENT_TARGET = 17.5;
				LOCALIZATION_PREFERS_STRING_CATALOGS = YES;
				MTL_ENABLE_DEBUG_INFO = INCLUDE_SOURCE;
				MTL_FAST_MATH = YES;
				ONLY_ACTIVE_ARCH = YES;
				SDKROOT = iphoneos;
				SWIFT_ACTIVE_COMPILATION_CONDITIONS = "DEBUG $(inherited)";
				SWIFT_OPTIMIZATION_LEVEL = "-Onone";
			};
			name = Debug;
		};
		F0E7A8E22C5EA01900D0607D /* Release */ = {
			isa = XCBuildConfiguration;
			buildSettings = {
				ALWAYS_SEARCH_USER_PATHS = NO;
				ASSETCATALOG_COMPILER_GENERATE_SWIFT_ASSET_SYMBOL_EXTENSIONS = YES;
				CLANG_ANALYZER_NONNULL = YES;
				CLANG_ANALYZER_NUMBER_OBJECT_CONVERSION = YES_AGGRESSIVE;
				CLANG_CXX_LANGUAGE_STANDARD = "gnu++20";
				CLANG_ENABLE_MODULES = YES;
				CLANG_ENABLE_OBJC_ARC = YES;
				CLANG_ENABLE_OBJC_WEAK = YES;
				CLANG_WARN_BLOCK_CAPTURE_AUTORELEASING = YES;
				CLANG_WARN_BOOL_CONVERSION = YES;
				CLANG_WARN_COMMA = YES;
				CLANG_WARN_CONSTANT_CONVERSION = YES;
				CLANG_WARN_DEPRECATED_OBJC_IMPLEMENTATIONS = YES;
				CLANG_WARN_DIRECT_OBJC_ISA_USAGE = YES_ERROR;
				CLANG_WARN_DOCUMENTATION_COMMENTS = YES;
				CLANG_WARN_EMPTY_BODY = YES;
				CLANG_WARN_ENUM_CONVERSION = YES;
				CLANG_WARN_INFINITE_RECURSION = YES;
				CLANG_WARN_INT_CONVERSION = YES;
				CLANG_WARN_NON_LITERAL_NULL_CONVERSION = YES;
				CLANG_WARN_OBJC_IMPLICIT_RETAIN_SELF = YES;
				CLANG_WARN_OBJC_LITERAL_CONVERSION = YES;
				CLANG_WARN_OBJC_ROOT_CLASS = YES_ERROR;
				CLANG_WARN_QUOTED_INCLUDE_IN_FRAMEWORK_HEADER = YES;
				CLANG_WARN_RANGE_LOOP_ANALYSIS = YES;
				CLANG_WARN_STRICT_PROTOTYPES = YES;
				CLANG_WARN_SUSPICIOUS_MOVE = YES;
				CLANG_WARN_UNGUARDED_AVAILABILITY = YES_AGGRESSIVE;
				CLANG_WARN_UNREACHABLE_CODE = YES;
				CLANG_WARN__DUPLICATE_METHOD_MATCH = YES;
				COPY_PHASE_STRIP = NO;
				DEBUG_INFORMATION_FORMAT = "dwarf-with-dsym";
				ENABLE_NS_ASSERTIONS = NO;
				ENABLE_STRICT_OBJC_MSGSEND = YES;
				ENABLE_USER_SCRIPT_SANDBOXING = YES;
				GCC_C_LANGUAGE_STANDARD = gnu17;
				GCC_NO_COMMON_BLOCKS = YES;
				GCC_WARN_64_TO_32_BIT_CONVERSION = YES;
				GCC_WARN_ABOUT_RETURN_TYPE = YES_ERROR;
				GCC_WARN_UNDECLARED_SELECTOR = YES;
				GCC_WARN_UNINITIALIZED_AUTOS = YES_AGGRESSIVE;
				GCC_WARN_UNUSED_FUNCTION = YES;
				GCC_WARN_UNUSED_VARIABLE = YES;
				IPHONEOS_DEPLOYMENT_TARGET = 17.5;
				LOCALIZATION_PREFERS_STRING_CATALOGS = YES;
				MTL_ENABLE_DEBUG_INFO = NO;
				MTL_FAST_MATH = YES;
				SDKROOT = iphoneos;
				SWIFT_COMPILATION_MODE = wholemodule;
				VALIDATE_PRODUCT = YES;
			};
			name = Release;
		};
		F0E7A8E42C5EA01900D0607D /* Debug */ = {
			isa = XCBuildConfiguration;
			buildSettings = {
				ASSETCATALOG_COMPILER_APPICON_NAME = AppIcon;
				ASSETCATALOG_COMPILER_GLOBAL_ACCENT_COLOR_NAME = AccentColor;
				CODE_SIGN_STYLE = Automatic;
				CURRENT_PROJECT_VERSION = 1;
				DEVELOPMENT_TEAM = CSZL837CHY;
				GENERATE_INFOPLIST_FILE = YES;
				INFOPLIST_FILE = calendar/Info.plist;
				INFOPLIST_KEY_UIApplicationSupportsIndirectInputEvents = YES;
				INFOPLIST_KEY_UILaunchStoryboardName = LaunchScreen;
				INFOPLIST_KEY_UIMainStoryboardFile = Main;
				INFOPLIST_KEY_UISupportedInterfaceOrientations_iPad = "UIInterfaceOrientationPortrait UIInterfaceOrientationPortraitUpsideDown UIInterfaceOrientationLandscapeLeft UIInterfaceOrientationLandscapeRight";
				INFOPLIST_KEY_UISupportedInterfaceOrientations_iPhone = "UIInterfaceOrientationPortrait UIInterfaceOrientationLandscapeLeft UIInterfaceOrientationLandscapeRight";
				LD_RUNPATH_SEARCH_PATHS = (
					"$(inherited)",
					"@executable_path/Frameworks",
				);
				MARKETING_VERSION = 1.0;
				PRODUCT_BUNDLE_IDENTIFIER = com.gmail.00.grinring.calendar;
				PRODUCT_NAME = "$(TARGET_NAME)";
				SWIFT_EMIT_LOC_STRINGS = YES;
				SWIFT_VERSION = 5.0;
				TARGETED_DEVICE_FAMILY = "1,2";
			};
			name = Debug;
		};
		F0E7A8E52C5EA01900D0607D /* Release */ = {
			isa = XCBuildConfiguration;
			buildSettings = {
				ASSETCATALOG_COMPILER_APPICON_NAME = AppIcon;
				ASSETCATALOG_COMPILER_GLOBAL_ACCENT_COLOR_NAME = AccentColor;
				CODE_SIGN_STYLE = Automatic;
				CURRENT_PROJECT_VERSION = 1;
				DEVELOPMENT_TEAM = CSZL837CHY;
				GENERATE_INFOPLIST_FILE = YES;
				INFOPLIST_FILE = calendar/Info.plist;
				INFOPLIST_KEY_UIApplicationSupportsIndirectInputEvents = YES;
				INFOPLIST_KEY_UILaunchStoryboardName = LaunchScreen;
				INFOPLIST_KEY_UIMainStoryboardFile = Main;
				INFOPLIST_KEY_UISupportedInterfaceOrientations_iPad = "UIInterfaceOrientationPortrait UIInterfaceOrientationPortraitUpsideDown UIInterfaceOrientationLandscapeLeft UIInterfaceOrientationLandscapeRight";
				INFOPLIST_KEY_UISupportedInterfaceOrientations_iPhone = "UIInterfaceOrientationPortrait UIInterfaceOrientationLandscapeLeft UIInterfaceOrientationLandscapeRight";
				LD_RUNPATH_SEARCH_PATHS = (
					"$(inherited)",
					"@executable_path/Frameworks",
				);
				MARKETING_VERSION = 1.0;
				PRODUCT_BUNDLE_IDENTIFIER = com.gmail.00.grinring.calendar;
				PRODUCT_NAME = "$(TARGET_NAME)";
				SWIFT_EMIT_LOC_STRINGS = YES;
				SWIFT_VERSION = 5.0;
				TARGETED_DEVICE_FAMILY = "1,2";
			};
			name = Release;
		};
/* End XCBuildConfiguration section */

/* Begin XCConfigurationList section */
		F0E7A8CA2C5EA01600D0607D /* Build configuration list for PBXProject "calendar" */ = {
			isa = XCConfigurationList;
			buildConfigurations = (
				F0E7A8E12C5EA01900D0607D /* Debug */,
				F0E7A8E22C5EA01900D0607D /* Release */,
			);
			defaultConfigurationIsVisible = 0;
			defaultConfigurationName = Release;
		};
		F0E7A8E32C5EA01900D0607D /* Build configuration list for PBXNativeTarget "calendar" */ = {
			isa = XCConfigurationList;
			buildConfigurations = (
				F0E7A8E42C5EA01900D0607D /* Debug */,
				F0E7A8E52C5EA01900D0607D /* Release */,
			);
			defaultConfigurationIsVisible = 0;
			defaultConfigurationName = Release;
		};
/* End XCConfigurationList section */
	};
	rootObject = F0E7A8C72C5EA01600D0607D /* Project object */;
}
